
Microsoft Visual Studio Solution File, Format Version 12.00
# Visual Studio Version 17
VisualStudioVersion = 17.1.32210.238
MinimumVisualStudioVersion = 10.0.40219.1
Project("{8BC9CEB8-8B4A-11D0-8D11-00A0C91BC942}") = "StatRequirements", "StatRequirements.vcxproj", "{F2B2998F-8F02-4B6C-BCEF-8258F4560305}"
	ProjectSection(ProjectDependencies) = postProject
		{6C164BB8-FB92-3644-B50A-74689D83E142} = {6C164BB8-FB92-3644-B50A-74689D83E142}
	EndProjectSection
EndProject
Project("{8BC9CEB8-8B4A-11D0-8D11-00A0C91BC942}") = "CommonLibSSE", "..\commonlib\CommonLibSSE\build\CommonLibSSE.vcxproj", "{6C164BB8-FB92-3644-B50A-74689D83E142}"
EndProject
Global
	GlobalSection(SolutionConfigurationPlatforms) = preSolution
		Debug|x64 = Debug|x64
		Debug|x86 = Debug|x86
		MinSizeRel|x64 = MinSizeRel|x64
		MinSizeRel|x86 = MinSizeRel|x86
		Release|x64 = Release|x64
		Release|x86 = Release|x86
		RelWithDebInfo|x64 = RelWithDebInfo|x64
		RelWithDebInfo|x86 = RelWithDebInfo|x86
	EndGlobalSection
	GlobalSection(ProjectConfigurationPlatforms) = postSolution
		{F2B2998F-8F02-4B6C-BCEF-8258F4560305}.Debug|x64.ActiveCfg = Debug|x64
		{F2B2998F-8F02-4B6C-BCEF-8258F4560305}.Debug|x64.Build.0 = Debug|x64
		{F2B2998F-8F02-4B6C-BCEF-8258F4560305}.Debug|x86.ActiveCfg = Debug|Win32
		{F2B2998F-8F02-4B6C-BCEF-8258F4560305}.Debug|x86.Build.0 = Debug|Win32
		{F2B2998F-8F02-4B6C-BCEF-8258F4560305}.MinSizeRel|x64.ActiveCfg = Release|x64
		{F2B2998F-8F02-4B6C-BCEF-8258F4560305}.MinSizeRel|x64.Build.0 = Release|x64
		{F2B2998F-8F02-4B6C-BCEF-8258F4560305}.MinSizeRel|x86.ActiveCfg = Release|Win32
		{F2B2998F-8F02-4B6C-BCEF-8258F4560305}.MinSizeRel|x86.Build.0 = Release|Win32
		{F2B2998F-8F02-4B6C-BCEF-8258F4560305}.Release|x64.ActiveCfg = Release|x64
		{F2B2998F-8F02-4B6C-BCEF-8258F4560305}.Release|x64.Build.0 = Release|x64
		{F2B2998F-8F02-4B6C-BCEF-8258F4560305}.Release|x86.ActiveCfg = Release|Win32
		{F2B2998F-8F02-4B6C-BCEF-8258F4560305}.Release|x86.Build.0 = Release|Win32
		{F2B2998F-8F02-4B6C-BCEF-8258F4560305}.RelWithDebInfo|x64.ActiveCfg = Release|x64
		{F2B2998F-8F02-4B6C-BCEF-8258F4560305}.RelWithDebInfo|x64.Build.0 = Release|x64
		{F2B2998F-8F02-4B6C-BCEF-8258F4560305}.RelWithDebInfo|x86.ActiveCfg = Release|Win32
		{F2B2998F-8F02-4B6C-BCEF-8258F4560305}.RelWithDebInfo|x86.Build.0 = Release|Win32
		{6C164BB8-FB92-3644-B50A-74689D83E142}.Debug|x64.ActiveCfg = Debug|x64
		{6C164BB8-FB92-3644-B50A-74689D83E142}.Debug|x64.Build.0 = Debug|x64
		{6C164BB8-FB92-3644-B50A-74689D83E142}.Debug|x86.ActiveCfg = Debug|x64
		{6C164BB8-FB92-3644-B50A-74689D83E142}.Debug|x86.Build.0 = Debug|x64
		{6C164BB8-FB92-3644-B50A-74689D83E142}.MinSizeRel|x64.ActiveCfg = MinSizeRel|x64
		{6C164BB8-FB92-3644-B50A-74689D83E142}.MinSizeRel|x64.Build.0 = MinSizeRel|x64
		{6C164BB8-FB92-3644-B50A-74689D83E142}.MinSizeRel|x86.ActiveCfg = MinSizeRel|x64
		{6C164BB8-FB92-3644-B50A-74689D83E142}.MinSizeRel|x86.Build.0 = MinSizeRel|x64
		{6C164BB8-FB92-3644-B50A-74689D83E142}.Release|x64.ActiveCfg = Release|x64
		{6C164BB8-FB92-3644-B50A-74689D83E142}.Release|x64.Build.0 = Release|x64
		{6C164BB8-FB92-3644-B50A-74689D83E142}.Release|x86.ActiveCfg = Release|x64
		{6C164BB8-FB92-3644-B50A-74689D83E142}.Release|x86.Build.0 = Release|x64
		{6C164BB8-FB92-3644-B50A-74689D83E142}.RelWithDebInfo|x64.ActiveCfg = RelWithDebInfo|x64
		{6C164BB8-FB92-3644-B50A-74689D83E142}.RelWithDebInfo|x64.Build.0 = RelWithDebInfo|x64
		{6C164BB8-FB92-3644-B50A-74689D83E142}.RelWithDebInfo|x86.ActiveCfg = RelWithDebInfo|x64
		{6C164BB8-FB92-3644-B50A-74689D83E142}.RelWithDebInfo|x86.Build.0 = RelWithDebInfo|x64
	EndGlobalSection
	GlobalSection(SolutionProperties) = preSolution
		HideSolutionNode = FALSE
	EndGlobalSection
	GlobalSection(ExtensibilityGlobals) = postSolution
		SolutionGuid = {C32820AC-2920-4E86-BE91-20157588E318}
	EndGlobalSection
EndGlobal
